
Microsoft Visual Studio Solution File, Format Version 12.00
# Visual Studio Version 16
VisualStudioVersion = 16.0.31229.75
MinimumVisualStudioVersion = 10.0.40219.1
Project("{8BC9CEB8-8B4A-11D0-8D11-00A0C91BC942}") = "dyn_indexing_and_firstperson_cam", "dyn_indexing_and_firstperson_cam\dyn_indexing_and_firstperson_cam.vcxproj", "{7FE492CD-C154-4B42-9620-300B52B670A0}"
EndProject
Project("{8BC9CEB8-8B4A-11D0-8D11-00A0C91BC942}") = "instancing_and_frustum_culling", "instancing_and_frustum_culling\instancing_and_frustum_culling.vcxproj", "{1C7DAE71-37C0-4B31-A7D1-B915B9E67CA2}"
EndProject
Project("{8BC9CEB8-8B4A-11D0-8D11-00A0C91BC942}") = "ray_picking", "ray_picking\ray_picking.vcxproj", "{539CE3AE-AFF3-4ECA-B4E9-6D7467753F43}"
EndProject
Project("{8BC9CEB8-8B4A-11D0-8D11-00A0C91BC942}") = "cube_mapping_static", "cube_mapping_static\cube_mapping_static.vcxproj", "{882EE0F6-DC7E-49BF-BE96-D7D6386271B7}"
EndProject
Project("{8BC9CEB8-8B4A-11D0-8D11-00A0C91BC942}") = "cube_mapping_dynamic", "cube_mapping_dynamic\cube_mapping_dynamic.vcxproj", "{F0E5982B-91AB-4535-AEFB-68037DA863AE}"
EndProject
Project("{8BC9CEB8-8B4A-11D0-8D11-00A0C91BC942}") = "normal_mapping", "normal_mapping\normal_mapping.vcxproj", "{5873FB53-B056-4090-B1D6-87BD041CC7EF}"
EndProject
Project("{8BC9CEB8-8B4A-11D0-8D11-00A0C91BC942}") = "shadow_mapping", "shadow_mapping\shadow_mapping.vcxproj", "{763CCBB1-89F7-471C-8B25-941D12F8F519}"
EndProject
Project("{8BC9CEB8-8B4A-11D0-8D11-00A0C91BC942}") = "SSAO", "SSAO\SSAO.vcxproj", "{F7BEF6FD-D7F1-4953-96BC-B1498214A472}"
EndProject
Global
	GlobalSection(SolutionConfigurationPlatforms) = preSolution
		Debug|x64 = Debug|x64
		Debug|x86 = Debug|x86
		Release|x64 = Release|x64
		Release|x86 = Release|x86
	EndGlobalSection
	GlobalSection(ProjectConfigurationPlatforms) = postSolution
		{7FE492CD-C154-4B42-9620-300B52B670A0}.Debug|x64.ActiveCfg = Debug|x64
		{7FE492CD-C154-4B42-9620-300B52B670A0}.Debug|x64.Build.0 = Debug|x64
		{7FE492CD-C154-4B42-9620-300B52B670A0}.Debug|x86.ActiveCfg = Debug|Win32
		{7FE492CD-C154-4B42-9620-300B52B670A0}.Debug|x86.Build.0 = Debug|Win32
		{7FE492CD-C154-4B42-9620-300B52B670A0}.Release|x64.ActiveCfg = Release|x64
		{7FE492CD-C154-4B42-9620-300B52B670A0}.Release|x64.Build.0 = Release|x64
		{7FE492CD-C154-4B42-9620-300B52B670A0}.Release|x86.ActiveCfg = Release|Win32
		{7FE492CD-C154-4B42-9620-300B52B670A0}.Release|x86.Build.0 = Release|Win32
		{1C7DAE71-37C0-4B31-A7D1-B915B9E67CA2}.Debug|x64.ActiveCfg = Debug|x64
		{1C7DAE71-37C0-4B31-A7D1-B915B9E67CA2}.Debug|x64.Build.0 = Debug|x64
		{1C7DAE71-37C0-4B31-A7D1-B915B9E67CA2}.Debug|x86.ActiveCfg = Debug|Win32
		{1C7DAE71-37C0-4B31-A7D1-B915B9E67CA2}.Debug|x86.Build.0 = Debug|Win32
		{1C7DAE71-37C0-4B31-A7D1-B915B9E67CA2}.Release|x64.ActiveCfg = Release|x64
		{1C7DAE71-37C0-4B31-A7D1-B915B9E67CA2}.Release|x64.Build.0 = Release|x64
		{1C7DAE71-37C0-4B31-A7D1-B915B9E67CA2}.Release|x86.ActiveCfg = Release|Win32
		{1C7DAE71-37C0-4B31-A7D1-B915B9E67CA2}.Release|x86.Build.0 = Release|Win32
		{539CE3AE-AFF3-4ECA-B4E9-6D7467753F43}.Debug|x64.ActiveCfg = Debug|x64
		{539CE3AE-AFF3-4ECA-B4E9-6D7467753F43}.Debug|x64.Build.0 = Debug|x64
		{539CE3AE-AFF3-4ECA-B4E9-6D7467753F43}.Debug|x86.ActiveCfg = Debug|Win32
		{539CE3AE-AFF3-4ECA-B4E9-6D7467753F43}.Debug|x86.Build.0 = Debug|Win32
		{539CE3AE-AFF3-4ECA-B4E9-6D7467753F43}.Release|x64.ActiveCfg = Release|x64
		{539CE3AE-AFF3-4ECA-B4E9-6D7467753F43}.Release|x64.Build.0 = Release|x64
		{539CE3AE-AFF3-4ECA-B4E9-6D7467753F43}.Release|x86.ActiveCfg = Release|Win32
		{539CE3AE-AFF3-4ECA-B4E9-6D7467753F43}.Release|x86.Build.0 = Release|Win32
		{882EE0F6-DC7E-49BF-BE96-D7D6386271B7}.Debug|x64.ActiveCfg = Debug|x64
		{882EE0F6-DC7E-49BF-BE96-D7D6386271B7}.Debug|x64.Build.0 = Debug|x64
		{882EE0F6-DC7E-49BF-BE96-D7D6386271B7}.Debug|x86.ActiveCfg = Debug|Win32
		{882EE0F6-DC7E-49BF-BE96-D7D6386271B7}.Debug|x86.Build.0 = Debug|Win32
		{882EE0F6-DC7E-49BF-BE96-D7D6386271B7}.Release|x64.ActiveCfg = Release|x64
		{882EE0F6-DC7E-49BF-BE96-D7D6386271B7}.Release|x64.Build.0 = Release|x64
		{882EE0F6-DC7E-49BF-BE96-D7D6386271B7}.Release|x86.ActiveCfg = Release|Win32
		{882EE0F6-DC7E-49BF-BE96-D7D6386271B7}.Release|x86.Build.0 = Release|Win32
		{F0E5982B-91AB-4535-AEFB-68037DA863AE}.Debug|x64.ActiveCfg = Debug|x64
		{F0E5982B-91AB-4535-AEFB-68037DA863AE}.Debug|x64.Build.0 = Debug|x64
		{F0E5982B-91AB-4535-AEFB-68037DA863AE}.Debug|x86.ActiveCfg = Debug|Win32
		{F0E5982B-91AB-4535-AEFB-68037DA863AE}.Debug|x86.Build.0 = Debug|Win32
		{F0E5982B-91AB-4535-AEFB-68037DA863AE}.Release|x64.ActiveCfg = Release|x64
		{F0E5982B-91AB-4535-AEFB-68037DA863AE}.Release|x64.Build.0 = Release|x64
		{F0E5982B-91AB-4535-AEFB-68037DA863AE}.Release|x86.ActiveCfg = Release|Win32
		{F0E5982B-91AB-4535-AEFB-68037DA863AE}.Release|x86.Build.0 = Release|Win32
		{5873FB53-B056-4090-B1D6-87BD041CC7EF}.Debug|x64.ActiveCfg = Debug|x64
		{5873FB53-B056-4090-B1D6-87BD041CC7EF}.Debug|x64.Build.0 = Debug|x64
		{5873FB53-B056-4090-B1D6-87BD041CC7EF}.Debug|x86.ActiveCfg = Debug|Win32
		{5873FB53-B056-4090-B1D6-87BD041CC7EF}.Debug|x86.Build.0 = Debug|Win32
		{5873FB53-B056-4090-B1D6-87BD041CC7EF}.Release|x64.ActiveCfg = Release|x64
		{5873FB53-B056-4090-B1D6-87BD041CC7EF}.Release|x64.Build.0 = Release|x64
		{5873FB53-B056-4090-B1D6-87BD041CC7EF}.Release|x86.ActiveCfg = Release|Win32
		{5873FB53-B056-4090-B1D6-87BD041CC7EF}.Release|x86.Build.0 = Release|Win32
		{763CCBB1-89F7-471C-8B25-941D12F8F519}.Debug|x64.ActiveCfg = Debug|x64
		{763CCBB1-89F7-471C-8B25-941D12F8F519}.Debug|x64.Build.0 = Debug|x64
		{763CCBB1-89F7-471C-8B25-941D12F8F519}.Debug|x86.ActiveCfg = Debug|Win32
		{763CCBB1-89F7-471C-8B25-941D12F8F519}.Debug|x86.Build.0 = Debug|Win32
		{763CCBB1-89F7-471C-8B25-941D12F8F519}.Release|x64.ActiveCfg = Release|x64
		{763CCBB1-89F7-471C-8B25-941D12F8F519}.Release|x64.Build.0 = Release|x64
		{763CCBB1-89F7-471C-8B25-941D12F8F519}.Release|x86.ActiveCfg = Release|Win32
		{763CCBB1-89F7-471C-8B25-941D12F8F519}.Release|x86.Build.0 = Release|Win32
		{F7BEF6FD-D7F1-4953-96BC-B1498214A472}.Debug|x64.ActiveCfg = Debug|x64
		{F7BEF6FD-D7F1-4953-96BC-B1498214A472}.Debug|x64.Build.0 = Debug|x64
		{F7BEF6FD-D7F1-4953-96BC-B1498214A472}.Debug|x86.ActiveCfg = Debug|Win32
		{F7BEF6FD-D7F1-4953-96BC-B1498214A472}.Debug|x86.Build.0 = Debug|Win32
		{F7BEF6FD-D7F1-4953-96BC-B1498214A472}.Release|x64.ActiveCfg = Release|x64
		{F7BEF6FD-D7F1-4953-96BC-B1498214A472}.Release|x64.Build.0 = Release|x64
		{F7BEF6FD-D7F1-4953-96BC-B1498214A472}.Release|x86.ActiveCfg = Release|Win32
		{F7BEF6FD-D7F1-4953-96BC-B1498214A472}.Release|x86.Build.0 = Release|Win32
	EndGlobalSection
	GlobalSection(SolutionProperties) = preSolution
		HideSolutionNode = FALSE
	EndGlobalSection
	GlobalSection(ExtensibilityGlobals) = postSolution
		SolutionGuid = {C92207ED-D52A-47CE-86EA-86C5EE554B29}
	EndGlobalSection
EndGlobal
